
Microsoft Visual Studio Solution File, Format Version 12.00
# Visual Studio Version 17
VisualStudioVersion = 17.4.33110.190
MinimumVisualStudioVersion = 10.0.40219.1
Project("{FAE04EC0-301F-11D3-BF4B-00C04F79EFBC}") = "Reverse String", "Reverse String\Reverse String.csproj", "{7B12DD2D-858B-4616-9030-D42A1BF90B14}"
EndProject
Project("{FAE04EC0-301F-11D3-BF4B-00C04F79EFBC}") = "While Loop - (1 To 100)", "While Loop - (1 To 100)\While Loop - (1 To 100).csproj", "{0B402322-1C56-4BDF-BB7F-ABFEA871B791}"
EndProject
Project("{FAE04EC0-301F-11D3-BF4B-00C04F79EFBC}") = "Even Number", "While Loop Even Number\Even Number.csproj", "{675B57EA-C14F-4CD7-B588-FEBEDBAACB7E}"
EndProject
Project("{FAE04EC0-301F-11D3-BF4B-00C04F79EFBC}") = "Palindrom", "Palindrom\Palindrom.csproj", "{7F0D2540-087B-4B9C-AD74-C94D128FE07A}"
EndProject
Project("{FAE04EC0-301F-11D3-BF4B-00C04F79EFBC}") = "Reverse Number", "Reverse Number\Reverse Number.csproj", "{A10CD306-C38A-4F20-9DED-7102D81EBB9D}"
EndProject
Project("{FAE04EC0-301F-11D3-BF4B-00C04F79EFBC}") = "Factorial", "Factorial\Factorial.csproj", "{AB7BFA7E-7557-40E5-BB4C-371B6133D41E}"
EndProject
Project("{FAE04EC0-301F-11D3-BF4B-00C04F79EFBC}") = "Fibbonacci", "Fibbonacci\Fibbonacci.csproj", "{29A111AA-A8D6-43D8-8FB1-3A95C9BDF7E4}"
EndProject
Project("{FAE04EC0-301F-11D3-BF4B-00C04F79EFBC}") = "MissingNumberArray", "MissingNumberArray\MissingNumberArray.csproj", "{A289F4A2-ADDA-4DD8-BD48-C65A56E55B95}"
EndProject
Global
	GlobalSection(SolutionConfigurationPlatforms) = preSolution
		Debug|Any CPU = Debug|Any CPU
		Release|Any CPU = Release|Any CPU
	EndGlobalSection
	GlobalSection(ProjectConfigurationPlatforms) = postSolution
		{7B12DD2D-858B-4616-9030-D42A1BF90B14}.Debug|Any CPU.ActiveCfg = Debug|Any CPU
		{7B12DD2D-858B-4616-9030-D42A1BF90B14}.Debug|Any CPU.Build.0 = Debug|Any CPU
		{7B12DD2D-858B-4616-9030-D42A1BF90B14}.Release|Any CPU.ActiveCfg = Release|Any CPU
		{7B12DD2D-858B-4616-9030-D42A1BF90B14}.Release|Any CPU.Build.0 = Release|Any CPU
		{0B402322-1C56-4BDF-BB7F-ABFEA871B791}.Debug|Any CPU.ActiveCfg = Debug|Any CPU
		{0B402322-1C56-4BDF-BB7F-ABFEA871B791}.Debug|Any CPU.Build.0 = Debug|Any CPU
		{0B402322-1C56-4BDF-BB7F-ABFEA871B791}.Release|Any CPU.ActiveCfg = Release|Any CPU
		{0B402322-1C56-4BDF-BB7F-ABFEA871B791}.Release|Any CPU.Build.0 = Release|Any CPU
		{675B57EA-C14F-4CD7-B588-FEBEDBAACB7E}.Debug|Any CPU.ActiveCfg = Debug|Any CPU
		{675B57EA-C14F-4CD7-B588-FEBEDBAACB7E}.Debug|Any CPU.Build.0 = Debug|Any CPU
		{675B57EA-C14F-4CD7-B588-FEBEDBAACB7E}.Release|Any CPU.ActiveCfg = Release|Any CPU
		{675B57EA-C14F-4CD7-B588-FEBEDBAACB7E}.Release|Any CPU.Build.0 = Release|Any CPU
		{7F0D2540-087B-4B9C-AD74-C94D128FE07A}.Debug|Any CPU.ActiveCfg = Debug|Any CPU
		{7F0D2540-087B-4B9C-AD74-C94D128FE07A}.Debug|Any CPU.Build.0 = Debug|Any CPU
		{7F0D2540-087B-4B9C-AD74-C94D128FE07A}.Release|Any CPU.ActiveCfg = Release|Any CPU
		{7F0D2540-087B-4B9C-AD74-C94D128FE07A}.Release|Any CPU.Build.0 = Release|Any CPU
		{A10CD306-C38A-4F20-9DED-7102D81EBB9D}.Debug|Any CPU.ActiveCfg = Debug|Any CPU
		{A10CD306-C38A-4F20-9DED-7102D81EBB9D}.Debug|Any CPU.Build.0 = Debug|Any CPU
		{A10CD306-C38A-4F20-9DED-7102D81EBB9D}.Release|Any CPU.ActiveCfg = Release|Any CPU
		{A10CD306-C38A-4F20-9DED-7102D81EBB9D}.Release|Any CPU.Build.0 = Release|Any CPU
		{AB7BFA7E-7557-40E5-BB4C-371B6133D41E}.Debug|Any CPU.ActiveCfg = Debug|Any CPU
		{AB7BFA7E-7557-40E5-BB4C-371B6133D41E}.Debug|Any CPU.Build.0 = Debug|Any CPU
		{AB7BFA7E-7557-40E5-BB4C-371B6133D41E}.Release|Any CPU.ActiveCfg = Release|Any CPU
		{AB7BFA7E-7557-40E5-BB4C-371B6133D41E}.Release|Any CPU.Build.0 = Release|Any CPU
		{29A111AA-A8D6-43D8-8FB1-3A95C9BDF7E4}.Debug|Any CPU.ActiveCfg = Debug|Any CPU
		{29A111AA-A8D6-43D8-8FB1-3A95C9BDF7E4}.Debug|Any CPU.Build.0 = Debug|Any CPU
		{29A111AA-A8D6-43D8-8FB1-3A95C9BDF7E4}.Release|Any CPU.ActiveCfg = Release|Any CPU
		{29A111AA-A8D6-43D8-8FB1-3A95C9BDF7E4}.Release|Any CPU.Build.0 = Release|Any CPU
		{A289F4A2-ADDA-4DD8-BD48-C65A56E55B95}.Debug|Any CPU.ActiveCfg = Debug|Any CPU
		{A289F4A2-ADDA-4DD8-BD48-C65A56E55B95}.Debug|Any CPU.Build.0 = Debug|Any CPU
		{A289F4A2-ADDA-4DD8-BD48-C65A56E55B95}.Release|Any CPU.ActiveCfg = Release|Any CPU
		{A289F4A2-ADDA-4DD8-BD48-C65A56E55B95}.Release|Any CPU.Build.0 = Release|Any CPU
	EndGlobalSection
	GlobalSection(SolutionProperties) = preSolution
		HideSolutionNode = FALSE
	EndGlobalSection
	GlobalSection(ExtensibilityGlobals) = postSolution
		SolutionGuid = {C476DF01-F6A8-4B22-8547-BFC4FF152C76}
	EndGlobalSection
EndGlobal
